<?xml version="1.0" encoding="utf-8"?>
<Project ToolsVersion="4.0" xmlns="http://schemas.microsoft.com/developer/msbuild/2003">
  <ItemGroup>
    <Filter Include="Исходные файлы">
      <UniqueIdentifier>{4FC737F1-C7A5-4376-A066-2A32D752A2FF}</UniqueIdentifier>
      <Extensions>cpp;c;cc;cxx;c++;cppm;ixx;def;odl;idl;hpj;bat;asm;asmx</Extensions>
    </Filter>
    <Filter Include="Файлы заголовков">
      <UniqueIdentifier>{93995380-89BD-4b04-88EB-625FBE52EBFB}</UniqueIdentifier>
      <Extensions>h;hh;hpp;hxx;h++;hm;inl;inc;ipp;xsd</Extensions>
    </Filter>
    <Filter Include="Файлы ресурсов">
      <UniqueIdentifier>{67DA6AB6-F800-4c08-8B7A-83BB121AAD01}</UniqueIdentifier>
      <Extensions>rc;ico;cur;bmp;dlg;rc2;rct;bin;rgs;gif;jpg;jpeg;jpe;resx;tiff;tif;png;wav;mfcribbon-ms</Extensions>
    </Filter>
    <Filter Include="Энтити">
      <UniqueIdentifier>{e394969f-97d7-4183-aa8c-72e6da9bb8de}</UniqueIdentifier>
    </Filter>
    <Filter Include="Муравьи">
      <UniqueIdentifier>{645ce3c6-cc1c-4000-8235-b800d37071bb}</UniqueIdentifier>
    </Filter>
    <Filter Include="ImGui">
      <UniqueIdentifier>{40d7ff05-0f58-4e17-9dc8-0bcd404e4f3d}</UniqueIdentifier>
    </Filter>
    <Filter Include="Рисовальщик">
      <UniqueIdentifier>{ecc0fb0d-c39d-42c3-80cc-245386796a5f}</UniqueIdentifier>
    </Filter>
    <Filter Include="Пространство данных">
      <UniqueIdentifier>{af682127-864e-488e-ac42-17ca305489cb}</UniqueIdentifier>
    </Filter>
    <Filter Include="Поле">
      <UniqueIdentifier>{2dd42cab-40e8-4d58-805e-79b073019cac}</UniqueIdentifier>
    </Filter>
    <Filter Include="Зоны">
      <UniqueIdentifier>{b1456765-8134-4740-904b-ac1426eeb5eb}</UniqueIdentifier>
    </Filter>
    <Filter Include="Еда">
      <UniqueIdentifier>{f47b1ce6-4fdc-4b62-bb55-03e569ad392c}</UniqueIdentifier>
    </Filter>
    <Filter Include="Colony">
      <UniqueIdentifier>{4eab4f1e-e2c1-43e1-9e4d-420d99731162}</UniqueIdentifier>
    </Filter>
  </ItemGroup>
  <ItemGroup>
    <ClCompile Include="main.cpp">
      <Filter>Исходные файлы</Filter>
    </ClCompile>
    <ClCompile Include="Ant.cpp">
      <Filter>Муравьи</Filter>
    </ClCompile>
    <ClCompile Include="Queen.cpp">
      <Filter>Муравьи</Filter>
    </ClCompile>
    <ClCompile Include="Scout.cpp">
      <Filter>Муравьи</Filter>
    </ClCompile>
    <ClCompile Include="Soldier.cpp">
      <Filter>Муравьи</Filter>
    </ClCompile>
    <ClCompile Include="Worker.cpp">
      <Filter>Муравьи</Filter>
    </ClCompile>
    <ClCompile Include="vendor\ImGui\imgui.cpp">
      <Filter>ImGui</Filter>
    </ClCompile>
    <ClCompile Include="vendor\ImGui\imgui_demo.cpp">
      <Filter>ImGui</Filter>
    </ClCompile>
    <ClCompile Include="vendor\ImGui\imgui_draw.cpp">
      <Filter>ImGui</Filter>
    </ClCompile>
    <ClCompile Include="vendor\ImGui\imgui_tables.cpp">
      <Filter>ImGui</Filter>
    </ClCompile>
    <ClCompile Include="vendor\ImGui\imgui_widgets.cpp">
      <Filter>ImGui</Filter>
    </ClCompile>
    <ClCompile Include="vendor\ImGui\backends\imgui_impl_dx9.cpp">
      <Filter>ImGui</Filter>
    </ClCompile>
    <ClCompile Include="vendor\ImGui\backends\imgui_impl_win32.cpp">
      <Filter>ImGui</Filter>
    </ClCompile>
    <ClCompile Include="ImGuiTail.cpp">
      <Filter>Рисовальщик</Filter>
    </ClCompile>
    <ClCompile Include="myfont.cpp">
      <Filter>Рисовальщик</Filter>
    </ClCompile>
    <ClCompile Include="InfoSpace.cpp">
      <Filter>Пространство данных</Filter>
    </ClCompile>
    <ClCompile Include="Entity.cpp">
      <Filter>Исходные файлы</Filter>
    </ClCompile>
    <ClCompile Include="Insect.cpp">
      <Filter>Исходные файлы</Filter>
    </ClCompile>
    <ClCompile Include="Field.cpp">
      <Filter>Поле</Filter>
    </ClCompile>
    <ClCompile Include="Cell.cpp">
      <Filter>Поле</Filter>
    </ClCompile>
    <ClCompile Include="DrawField.cpp">
      <Filter>Рисовальщик</Filter>
    </ClCompile>
    <ClCompile Include="Stockpile.cpp">
      <Filter>Зоны</Filter>
    </ClCompile>
    <ClCompile Include="Food.cpp">
      <Filter>Еда</Filter>
    </ClCompile>
    <ClCompile Include="Materials.cpp">
      <Filter>Исходные файлы</Filter>
    </ClCompile>
    <ClCompile Include="walls.cpp">
      <Filter>Исходные файлы</Filter>
    </ClCompile>
    <ClCompile Include="Colony.cpp">
      <Filter>Colony</Filter>
    </ClCompile>
  </ItemGroup>
  <ItemGroup>
    <ClInclude Include="includes.h">
      <Filter>Файлы заголовков</Filter>
    </ClInclude>
    <ClInclude Include="Ant.h">
      <Filter>Муравьи</Filter>
    </ClInclude>
    <ClInclude Include="Queen.h">
      <Filter>Муравьи</Filter>
    </ClInclude>
    <ClInclude Include="Scout.h">
      <Filter>Муравьи</Filter>
    </ClInclude>
    <ClInclude Include="Soldier.h">
      <Filter>Муравьи</Filter>
    </ClInclude>
    <ClInclude Include="Worker.h">
      <Filter>Муравьи</Filter>
    </ClInclude>
    <ClInclude Include="vendor\ImGui\imconfig.h">
      <Filter>ImGui</Filter>
    </ClInclude>
    <ClInclude Include="vendor\ImGui\imgui.h">
      <Filter>ImGui</Filter>
    </ClInclude>
    <ClInclude Include="vendor\ImGui\imgui_internal.h">
      <Filter>ImGui</Filter>
    </ClInclude>
    <ClInclude Include="vendor\ImGui\imstb_rectpack.h">
      <Filter>ImGui</Filter>
    </ClInclude>
    <ClInclude Include="vendor\ImGui\imstb_textedit.h">
      <Filter>ImGui</Filter>
    </ClInclude>
    <ClInclude Include="vendor\ImGui\imstb_truetype.h">
      <Filter>ImGui</Filter>
    </ClInclude>
    <ClInclude Include="vendor\ImGui\backends\imgui_impl_dx9.h">
      <Filter>ImGui</Filter>
    </ClInclude>
    <ClInclude Include="vendor\ImGui\backends\imgui_impl_win32.h">
      <Filter>ImGui</Filter>
    </ClInclude>
    <ClInclude Include="ImGuiTail.h">
      <Filter>Рисовальщик</Filter>
    </ClInclude>
    <ClInclude Include="myfont.h">
      <Filter>Рисовальщик</Filter>
    </ClInclude>
    <ClInclude Include="InfoSpace.h">
      <Filter>Пространство данных</Filter>
    </ClInclude>
    <ClInclude Include="Entity.h">
      <Filter>Файлы заголовков</Filter>
    </ClInclude>
    <ClInclude Include="Insect.h">
      <Filter>Файлы заголовков</Filter>
    </ClInclude>
    <ClInclude Include="Field.h">
      <Filter>Поле</Filter>
    </ClInclude>
    <ClInclude Include="Cell.h">
      <Filter>Поле</Filter>
    </ClInclude>
    <ClInclude Include="DrawField.h">
      <Filter>Рисовальщик</Filter>
    </ClInclude>
    <ClInclude Include="Collector.h">
      <Filter>Муравьи</Filter>
    </ClInclude>
    <ClInclude Include="Stockpile.h">
      <Filter>Зоны</Filter>
    </ClInclude>
    <ClInclude Include="Food.h">
      <Filter>Еда</Filter>
    </ClInclude>
    <ClInclude Include="DrawAnts.cpp">
      <Filter>Рисовальщик</Filter>
    </ClInclude>
    <ClInclude Include="Materials.h">
      <Filter>Файлы заголовков</Filter>
    </ClInclude>
    <ClInclude Include="walls.h">
      <Filter>Файлы заголовков</Filter>
    </ClInclude>
    <ClInclude Include="Colony.h">
      <Filter>Colony</Filter>
    </ClInclude>
  </ItemGroup>
</Project>